
Microsoft Visual Studio Solution File, Format Version 12.00
Project("{FAE04EC0-301F-11D3-BF4B-00C04F79EFBC}") = "Reddis", "Reddis\Reddis.csproj", "{D148FFB1-AE05-45F1-B350-BD60298AEE40}"
EndProject
Project("{FAE04EC0-301F-11D3-BF4B-00C04F79EFBC}") = "CheckerModels", "CheckerModels\CheckerModels.csproj", "{1FF462A8-7CD0-4115-B204-CFE3822C2A12}"
EndProject
Project("{FAE04EC0-301F-11D3-BF4B-00C04F79EFBC}") = "CheckersDesktop", "CheckersDesktop\CheckersDesktop.csproj", "{6C76E340-1373-444F-B815-E75B1CA0C719}"
EndProject
Project("{FAE04EC0-301F-11D3-BF4B-00C04F79EFBC}") = "CheckersControls", "CheckersControls\CheckersControls.csproj", "{D58B57E3-EB13-48A5-BB6B-7E78E498D438}"
EndProject
Project("{FAE04EC0-301F-11D3-BF4B-00C04F79EFBC}") = "Mediator", "Mediator\Mediator.csproj", "{55B3962F-B97E-437E-9DFB-8B23BAC0D730}"
EndProject
Project("{FAE04EC0-301F-11D3-BF4B-00C04F79EFBC}") = "CheckerClient", "CheckerClient\CheckerClient.csproj", "{AE5289F7-5296-46ED-942A-50A99C469C8C}"
EndProject
Project("{2150E333-8FDC-42A3-9474-1A3956D46DE8}") = "Desktop", "Desktop", "{5A33B853-D91E-4924-AE50-26B9134079D6}"
EndProject
Project("{2150E333-8FDC-42A3-9474-1A3956D46DE8}") = "Server", "Server", "{8B46001F-9C40-47DC-8A1A-139AED4F44C7}"
EndProject
Project("{2150E333-8FDC-42A3-9474-1A3956D46DE8}") = "Database", "Database", "{C445C251-C3CE-4AB0-A604-0585E20BA28A}"
EndProject
Project("{2150E333-8FDC-42A3-9474-1A3956D46DE8}") = "General", "General", "{3DD6A02E-21A1-4B78-9277-C5B9FE67A2AB}"
EndProject
Project("{FAE04EC0-301F-11D3-BF4B-00C04F79EFBC}") = "UserDBServer", "UserDBServer\UserDBServer.csproj", "{535CBD64-7089-42C8-B170-A5532D0C7E42}"
EndProject
Project("{FAE04EC0-301F-11D3-BF4B-00C04F79EFBC}") = "GameDBServer", "GameDBServer\GameDBServer.csproj", "{6B2384AF-0AD4-42EB-B2F1-760ACD3FD8B9}"
EndProject
Global
	GlobalSection(SolutionConfigurationPlatforms) = preSolution
		Debug|Any CPU = Debug|Any CPU
		Release|Any CPU = Release|Any CPU
	EndGlobalSection
	GlobalSection(ProjectConfigurationPlatforms) = postSolution
		{D148FFB1-AE05-45F1-B350-BD60298AEE40}.Debug|Any CPU.ActiveCfg = Debug|Any CPU
		{D148FFB1-AE05-45F1-B350-BD60298AEE40}.Debug|Any CPU.Build.0 = Debug|Any CPU
		{D148FFB1-AE05-45F1-B350-BD60298AEE40}.Release|Any CPU.ActiveCfg = Release|Any CPU
		{D148FFB1-AE05-45F1-B350-BD60298AEE40}.Release|Any CPU.Build.0 = Release|Any CPU
		{1FF462A8-7CD0-4115-B204-CFE3822C2A12}.Debug|Any CPU.ActiveCfg = Debug|Any CPU
		{1FF462A8-7CD0-4115-B204-CFE3822C2A12}.Debug|Any CPU.Build.0 = Debug|Any CPU
		{1FF462A8-7CD0-4115-B204-CFE3822C2A12}.Release|Any CPU.ActiveCfg = Release|Any CPU
		{1FF462A8-7CD0-4115-B204-CFE3822C2A12}.Release|Any CPU.Build.0 = Release|Any CPU
		{6C76E340-1373-444F-B815-E75B1CA0C719}.Debug|Any CPU.ActiveCfg = Debug|Any CPU
		{6C76E340-1373-444F-B815-E75B1CA0C719}.Debug|Any CPU.Build.0 = Debug|Any CPU
		{6C76E340-1373-444F-B815-E75B1CA0C719}.Release|Any CPU.ActiveCfg = Release|Any CPU
		{6C76E340-1373-444F-B815-E75B1CA0C719}.Release|Any CPU.Build.0 = Release|Any CPU
		{D58B57E3-EB13-48A5-BB6B-7E78E498D438}.Debug|Any CPU.ActiveCfg = Debug|Any CPU
		{D58B57E3-EB13-48A5-BB6B-7E78E498D438}.Debug|Any CPU.Build.0 = Debug|Any CPU
		{D58B57E3-EB13-48A5-BB6B-7E78E498D438}.Release|Any CPU.ActiveCfg = Release|Any CPU
		{D58B57E3-EB13-48A5-BB6B-7E78E498D438}.Release|Any CPU.Build.0 = Release|Any CPU
		{55B3962F-B97E-437E-9DFB-8B23BAC0D730}.Debug|Any CPU.ActiveCfg = Debug|Any CPU
		{55B3962F-B97E-437E-9DFB-8B23BAC0D730}.Debug|Any CPU.Build.0 = Debug|Any CPU
		{55B3962F-B97E-437E-9DFB-8B23BAC0D730}.Release|Any CPU.ActiveCfg = Release|Any CPU
		{55B3962F-B97E-437E-9DFB-8B23BAC0D730}.Release|Any CPU.Build.0 = Release|Any CPU
		{AE5289F7-5296-46ED-942A-50A99C469C8C}.Debug|Any CPU.ActiveCfg = Debug|Any CPU
		{AE5289F7-5296-46ED-942A-50A99C469C8C}.Debug|Any CPU.Build.0 = Debug|Any CPU
		{AE5289F7-5296-46ED-942A-50A99C469C8C}.Release|Any CPU.ActiveCfg = Release|Any CPU
		{AE5289F7-5296-46ED-942A-50A99C469C8C}.Release|Any CPU.Build.0 = Release|Any CPU
		{535CBD64-7089-42C8-B170-A5532D0C7E42}.Debug|Any CPU.ActiveCfg = Debug|Any CPU
		{535CBD64-7089-42C8-B170-A5532D0C7E42}.Debug|Any CPU.Build.0 = Debug|Any CPU
		{535CBD64-7089-42C8-B170-A5532D0C7E42}.Release|Any CPU.ActiveCfg = Release|Any CPU
		{535CBD64-7089-42C8-B170-A5532D0C7E42}.Release|Any CPU.Build.0 = Release|Any CPU
		{6B2384AF-0AD4-42EB-B2F1-760ACD3FD8B9}.Debug|Any CPU.ActiveCfg = Debug|Any CPU
		{6B2384AF-0AD4-42EB-B2F1-760ACD3FD8B9}.Debug|Any CPU.Build.0 = Debug|Any CPU
		{6B2384AF-0AD4-42EB-B2F1-760ACD3FD8B9}.Release|Any CPU.ActiveCfg = Release|Any CPU
		{6B2384AF-0AD4-42EB-B2F1-760ACD3FD8B9}.Release|Any CPU.Build.0 = Release|Any CPU
	EndGlobalSection
	GlobalSection(NestedProjects) = preSolution
		{AE5289F7-5296-46ED-942A-50A99C469C8C} = {5A33B853-D91E-4924-AE50-26B9134079D6}
		{D58B57E3-EB13-48A5-BB6B-7E78E498D438} = {5A33B853-D91E-4924-AE50-26B9134079D6}
		{6C76E340-1373-444F-B815-E75B1CA0C719} = {5A33B853-D91E-4924-AE50-26B9134079D6}
		{55B3962F-B97E-437E-9DFB-8B23BAC0D730} = {8B46001F-9C40-47DC-8A1A-139AED4F44C7}
		{1FF462A8-7CD0-4115-B204-CFE3822C2A12} = {3DD6A02E-21A1-4B78-9277-C5B9FE67A2AB}
		{D148FFB1-AE05-45F1-B350-BD60298AEE40} = {3DD6A02E-21A1-4B78-9277-C5B9FE67A2AB}
		{535CBD64-7089-42C8-B170-A5532D0C7E42} = {C445C251-C3CE-4AB0-A604-0585E20BA28A}
		{6B2384AF-0AD4-42EB-B2F1-760ACD3FD8B9} = {C445C251-C3CE-4AB0-A604-0585E20BA28A}
	EndGlobalSection
EndGlobal
